
Microsoft Visual Studio Solution File, Format Version 12.00
# Visual Studio 15
VisualStudioVersion = 15.0.26403.7
MinimumVisualStudioVersion = 10.0.40219.1
Project("{FAE04EC0-301F-11D3-BF4B-00C04F79EFBC}") = "archilab", "archilab\archilab.csproj", "{591224A8-EEF0-4DD6-B9D4-2D06A5A728E9}"
EndProject
Project("{FAE04EC0-301F-11D3-BF4B-00C04F79EFBC}") = "archilabUI", "archilabUI\archilabUI.csproj", "{44FE162B-76B3-440E-B4B9-4B0004DFE650}"
EndProject
Global
	GlobalSection(SolutionConfigurationPlatforms) = preSolution
		Debug|Any CPU = Debug|Any CPU
		Release|Any CPU = Release|Any CPU
	EndGlobalSection
	GlobalSection(ProjectConfigurationPlatforms) = postSolution
		{591224A8-EEF0-4DD6-B9D4-2D06A5A728E9}.Debug|Any CPU.ActiveCfg = Debug|Any CPU
		{591224A8-EEF0-4DD6-B9D4-2D06A5A728E9}.Debug|Any CPU.Build.0 = Debug|Any CPU
		{591224A8-EEF0-4DD6-B9D4-2D06A5A728E9}.Release|Any CPU.ActiveCfg = Release|Any CPU
		{591224A8-EEF0-4DD6-B9D4-2D06A5A728E9}.Release|Any CPU.Build.0 = Release|Any CPU
		{44FE162B-76B3-440E-B4B9-4B0004DFE650}.Debug|Any CPU.ActiveCfg = Debug|Any CPU
		{44FE162B-76B3-440E-B4B9-4B0004DFE650}.Debug|Any CPU.Build.0 = Debug|Any CPU
		{44FE162B-76B3-440E-B4B9-4B0004DFE650}.Release|Any CPU.ActiveCfg = Release|Any CPU
		{44FE162B-76B3-440E-B4B9-4B0004DFE650}.Release|Any CPU.Build.0 = Release|Any CPU
	EndGlobalSection
	GlobalSection(SolutionProperties) = preSolution
		HideSolutionNode = FALSE
	EndGlobalSection
EndGlobal
